// !$*UTF8*$!
{
	archiveVersion = 1;
	classes = {
	};
	objectVersion = 50;
	objects = {

/* Begin PBXBuildFile section */
		45BDDF02249926A800925FF6 /* AppDelegate.swift in Sources */ = {isa = PBXBuildFile; fileRef = 45BDDF01249926A800925FF6 /* AppDelegate.swift */; };
		45BDDF04249926A800925FF6 /* SceneDelegate.swift in Sources */ = {isa = PBXBuildFile; fileRef = 45BDDF03249926A800925FF6 /* SceneDelegate.swift */; };
		45BDDF06249926A800925FF6 /* ContentView.swift in Sources */ = {isa = PBXBuildFile; fileRef = 45BDDF05249926A800925FF6 /* ContentView.swift */; };
		45BDDF08249926AA00925FF6 /* Assets.xcassets in Resources */ = {isa = PBXBuildFile; fileRef = 45BDDF07249926AA00925FF6 /* Assets.xcassets */; };
		45BDDF0B249926AA00925FF6 /* Preview Assets.xcassets in Resources */ = {isa = PBXBuildFile; fileRef = 45BDDF0A249926AA00925FF6 /* Preview Assets.xcassets */; };
		45BDDF0E249926AA00925FF6 /* LaunchScreen.storyboard in Resources */ = {isa = PBXBuildFile; fileRef = 45BDDF0C249926AA00925FF6 /* LaunchScreen.storyboard */; };
		45BDDF162499307500925FF6 /* Sounds in Resources */ = {isa = PBXBuildFile; fileRef = 45BDDF152499307500925FF6 /* Sounds */; };
		45BDDF1824993BF000925FF6 /* HoneymoonModel.swift in Sources */ = {isa = PBXBuildFile; fileRef = 45BDDF1724993BF000925FF6 /* HoneymoonModel.swift */; };
		45BDDF1B24993C7300925FF6 /* HoneymoonData.swift in Sources */ = {isa = PBXBuildFile; fileRef = 45BDDF1A24993C7300925FF6 /* HoneymoonData.swift */; };
		45BDDF1F24993D1E00925FF6 /* CardView.swift in Sources */ = {isa = PBXBuildFile; fileRef = 45BDDF1E24993D1E00925FF6 /* CardView.swift */; };
		45BDDF212499432C00925FF6 /* HeaderView.swift in Sources */ = {isa = PBXBuildFile; fileRef = 45BDDF202499432C00925FF6 /* HeaderView.swift */; };
		45BDDF232499438200925FF6 /* InfoView.swift in Sources */ = {isa = PBXBuildFile; fileRef = 45BDDF222499438200925FF6 /* InfoView.swift */; };
		45BDDF252499439900925FF6 /* GuideView.swift in Sources */ = {isa = PBXBuildFile; fileRef = 45BDDF242499439900925FF6 /* GuideView.swift */; };
		45BDDF27249943D300925FF6 /* PlaySound.swift in Sources */ = {isa = PBXBuildFile; fileRef = 45BDDF26249943D300925FF6 /* PlaySound.swift */; };
		45BDDF4924994B0C00925FF6 /* FooterView.swift in Sources */ = {isa = PBXBuildFile; fileRef = 45BDDF4824994B0C00925FF6 /* FooterView.swift */; };
		45BDDF4C249951E900925FF6 /* HeaderComponent.swift in Sources */ = {isa = PBXBuildFile; fileRef = 45BDDF4B249951E900925FF6 /* HeaderComponent.swift */; };
		45BDDF4E2499521500925FF6 /* GuideComponent.swift in Sources */ = {isa = PBXBuildFile; fileRef = 45BDDF4D2499521500925FF6 /* GuideComponent.swift */; };
		45BDDF51249956F800925FF6 /* TitleModifier.swift in Sources */ = {isa = PBXBuildFile; fileRef = 45BDDF50249956F800925FF6 /* TitleModifier.swift */; };
		45BDDF532499571C00925FF6 /* ButtonModifier.swift in Sources */ = {isa = PBXBuildFile; fileRef = 45BDDF522499571C00925FF6 /* ButtonModifier.swift */; };
/* End PBXBuildFile section */

/* Begin PBXFileReference section */
		45BDDEFE249926A800925FF6 /* HoneyMoon UI.app */ = {isa = PBXFileReference; explicitFileType = wrapper.application; includeInIndex = 0; path = "HoneyMoon UI.app"; sourceTree = BUILT_PRODUCTS_DIR; };
		45BDDF01249926A800925FF6 /* AppDelegate.swift */ = {isa = PBXFileReference; lastKnownFileType = sourcecode.swift; path = AppDelegate.swift; sourceTree = "<group>"; };
		45BDDF03249926A800925FF6 /* SceneDelegate.swift */ = {isa = PBXFileReference; lastKnownFileType = sourcecode.swift; path = SceneDelegate.swift; sourceTree = "<group>"; };
		45BDDF05249926A800925FF6 /* ContentView.swift */ = {isa = PBXFileReference; lastKnownFileType = sourcecode.swift; path = ContentView.swift; sourceTree = "<group>"; };
		45BDDF07249926AA00925FF6 /* Assets.xcassets */ = {isa = PBXFileReference; lastKnownFileType = folder.assetcatalog; path = Assets.xcassets; sourceTree = "<group>"; };
		45BDDF0A249926AA00925FF6 /* Preview Assets.xcassets */ = {isa = PBXFileReference; lastKnownFileType = folder.assetcatalog; path = "Preview Assets.xcassets"; sourceTree = "<group>"; };
		45BDDF0D249926AA00925FF6 /* Base */ = {isa = PBXFileReference; lastKnownFileType = file.storyboard; name = Base; path = Base.lproj/LaunchScreen.storyboard; sourceTree = "<group>"; };
		45BDDF0F249926AA00925FF6 /* Info.plist */ = {isa = PBXFileReference; lastKnownFileType = text.plist.xml; path = Info.plist; sourceTree = "<group>"; };
		45BDDF152499307500925FF6 /* Sounds */ = {isa = PBXFileReference; lastKnownFileType = folder; path = Sounds; sourceTree = "<group>"; };
		45BDDF1724993BF000925FF6 /* HoneymoonModel.swift */ = {isa = PBXFileReference; lastKnownFileType = sourcecode.swift; path = HoneymoonModel.swift; sourceTree = "<group>"; };
		45BDDF1A24993C7300925FF6 /* HoneymoonData.swift */ = {isa = PBXFileReference; lastKnownFileType = sourcecode.swift; path = HoneymoonData.swift; sourceTree = "<group>"; };
		45BDDF1E24993D1E00925FF6 /* CardView.swift */ = {isa = PBXFileReference; lastKnownFileType = sourcecode.swift; path = CardView.swift; sourceTree = "<group>"; };
		45BDDF202499432C00925FF6 /* HeaderView.swift */ = {isa = PBXFileReference; lastKnownFileType = sourcecode.swift; path = HeaderView.swift; sourceTree = "<group>"; };
		45BDDF222499438200925FF6 /* InfoView.swift */ = {isa = PBXFileReference; lastKnownFileType = sourcecode.swift; path = InfoView.swift; sourceTree = "<group>"; };
		45BDDF242499439900925FF6 /* GuideView.swift */ = {isa = PBXFileReference; lastKnownFileType = sourcecode.swift; path = GuideView.swift; sourceTree = "<group>"; };
		45BDDF26249943D300925FF6 /* PlaySound.swift */ = {isa = PBXFileReference; lastKnownFileType = sourcecode.swift; path = PlaySound.swift; sourceTree = "<group>"; };
		45BDDF4824994B0C00925FF6 /* FooterView.swift */ = {isa = PBXFileReference; lastKnownFileType = sourcecode.swift; path = FooterView.swift; sourceTree = "<group>"; };
		45BDDF4B249951E900925FF6 /* HeaderComponent.swift */ = {isa = PBXFileReference; lastKnownFileType = sourcecode.swift; path = HeaderComponent.swift; sourceTree = "<group>"; };
		45BDDF4D2499521500925FF6 /* GuideComponent.swift */ = {isa = PBXFileReference; lastKnownFileType = sourcecode.swift; path = GuideComponent.swift; sourceTree = "<group>"; };
		45BDDF50249956F800925FF6 /* TitleModifier.swift */ = {isa = PBXFileReference; lastKnownFileType = sourcecode.swift; path = TitleModifier.swift; sourceTree = "<group>"; };
		45BDDF522499571C00925FF6 /* ButtonModifier.swift */ = {isa = PBXFileReference; lastKnownFileType = sourcecode.swift; path = ButtonModifier.swift; sourceTree = "<group>"; };
/* End PBXFileReference section */

/* Begin PBXFrameworksBuildPhase section */
		45BDDEFB249926A800925FF6 /* Frameworks */ = {
			isa = PBXFrameworksBuildPhase;
			buildActionMask = 2147483647;
			files = (
			);
			runOnlyForDeploymentPostprocessing = 0;
		};
/* End PBXFrameworksBuildPhase section */

/* Begin PBXGroup section */
		45BDDEF5249926A800925FF6 = {
			isa = PBXGroup;
			children = (
				45BDDF00249926A800925FF6 /* HoneyMoon UI */,
				45BDDEFF249926A800925FF6 /* Products */,
			);
			sourceTree = "<group>";
		};
		45BDDEFF249926A800925FF6 /* Products */ = {
			isa = PBXGroup;
			children = (
				45BDDEFE249926A800925FF6 /* HoneyMoon UI.app */,
			);
			name = Products;
			sourceTree = "<group>";
		};
		45BDDF00249926A800925FF6 /* HoneyMoon UI */ = {
			isa = PBXGroup;
			children = (
				45BDDF4F249956D600925FF6 /* Modifier */,
				45BDDF4A249951B700925FF6 /* Component */,
				45BDDF1C24993C7900925FF6 /* Data */,
				45BDDF1924993BFC00925FF6 /* Model */,
				45BDDF1D24993CEA00925FF6 /* View */,
				45BDDF152499307500925FF6 /* Sounds */,
				45BDDF01249926A800925FF6 /* AppDelegate.swift */,
				45BDDF03249926A800925FF6 /* SceneDelegate.swift */,
				45BDDF07249926AA00925FF6 /* Assets.xcassets */,
				45BDDF0C249926AA00925FF6 /* LaunchScreen.storyboard */,
				45BDDF0F249926AA00925FF6 /* Info.plist */,
				45BDDF09249926AA00925FF6 /* Preview Content */,
				45BDDF26249943D300925FF6 /* PlaySound.swift */,
			);
			path = "HoneyMoon UI";
			sourceTree = "<group>";
		};
		45BDDF09249926AA00925FF6 /* Preview Content */ = {
			isa = PBXGroup;
			children = (
				45BDDF0A249926AA00925FF6 /* Preview Assets.xcassets */,
			);
			path = "Preview Content";
			sourceTree = "<group>";
		};
		45BDDF1924993BFC00925FF6 /* Model */ = {
			isa = PBXGroup;
			children = (
				45BDDF1724993BF000925FF6 /* HoneymoonModel.swift */,
			);
			path = Model;
			sourceTree = "<group>";
		};
		45BDDF1C24993C7900925FF6 /* Data */ = {
			isa = PBXGroup;
			children = (
				45BDDF1A24993C7300925FF6 /* HoneymoonData.swift */,
			);
			path = Data;
			sourceTree = "<group>";
		};
		45BDDF1D24993CEA00925FF6 /* View */ = {
			isa = PBXGroup;
			children = (
				45BDDF05249926A800925FF6 /* ContentView.swift */,
				45BDDF1E24993D1E00925FF6 /* CardView.swift */,
				45BDDF202499432C00925FF6 /* HeaderView.swift */,
				45BDDF222499438200925FF6 /* InfoView.swift */,
				45BDDF242499439900925FF6 /* GuideView.swift */,
				45BDDF4824994B0C00925FF6 /* FooterView.swift */,
			);
			path = View;
			sourceTree = "<group>";
		};
		45BDDF4A249951B700925FF6 /* Component */ = {
			isa = PBXGroup;
			children = (
				45BDDF4B249951E900925FF6 /* HeaderComponent.swift */,
				45BDDF4D2499521500925FF6 /* GuideComponent.swift */,
			);
			path = Component;
			sourceTree = "<group>";
		};
		45BDDF4F249956D600925FF6 /* Modifier */ = {
			isa = PBXGroup;
			children = (
				45BDDF50249956F800925FF6 /* TitleModifier.swift */,
				45BDDF522499571C00925FF6 /* ButtonModifier.swift */,
			);
			path = Modifier;
			sourceTree = "<group>";
		};
/* End PBXGroup section */

/* Begin PBXNativeTarget section */
		45BDDEFD249926A800925FF6 /* HoneyMoon UI */ = {
			isa = PBXNativeTarget;
			buildConfigurationList = 45BDDF12249926AA00925FF6 /* Build configuration list for PBXNativeTarget "HoneyMoon UI" */;
			buildPhases = (
				45BDDEFA249926A800925FF6 /* Sources */,
				45BDDEFB249926A800925FF6 /* Frameworks */,
				45BDDEFC249926A800925FF6 /* Resources */,
			);
			buildRules = (
			);
			dependencies = (
			);
			name = "HoneyMoon UI";
			productName = "HoneyMoon UI";
			productReference = 45BDDEFE249926A800925FF6 /* HoneyMoon UI.app */;
			productType = "com.apple.product-type.application";
		};
/* End PBXNativeTarget section */

/* Begin PBXProject section */
		45BDDEF6249926A800925FF6 /* Project object */ = {
			isa = PBXProject;
			attributes = {
				LastSwiftUpdateCheck = 1150;
				LastUpgradeCheck = 1150;
				ORGANIZATIONNAME = "José Javier Cueto Mejía";
				TargetAttributes = {
					45BDDEFD249926A800925FF6 = {
						CreatedOnToolsVersion = 11.5;
					};
				};
			};
			buildConfigurationList = 45BDDEF9249926A800925FF6 /* Build configuration list for PBXProject "HoneyMoon UI" */;
			compatibilityVersion = "Xcode 9.3";
			developmentRegion = en;
			hasScannedForEncodings = 0;
			knownRegions = (
				en,
				Base,
			);
			mainGroup = 45BDDEF5249926A800925FF6;
			productRefGroup = 45BDDEFF249926A800925FF6 /* Products */;
			projectDirPath = "";
			projectRoot = "";
			targets = (
				45BDDEFD249926A800925FF6 /* HoneyMoon UI */,
			);
		};
/* End PBXProject section */

/* Begin PBXResourcesBuildPhase section */
		45BDDEFC249926A800925FF6 /* Resources */ = {
			isa = PBXResourcesBuildPhase;
			buildActionMask = 2147483647;
			files = (
				45BDDF0E249926AA00925FF6 /* LaunchScreen.storyboard in Resources */,
				45BDDF0B249926AA00925FF6 /* Preview Assets.xcassets in Resources */,
				45BDDF162499307500925FF6 /* Sounds in Resources */,
				45BDDF08249926AA00925FF6 /* Assets.xcassets in Resources */,
			);
			runOnlyForDeploymentPostprocessing = 0;
		};
/* End PBXResourcesBuildPhase section */

/* Begin PBXSourcesBuildPhase section */
		45BDDEFA249926A800925FF6 /* Sources */ = {
			isa = PBXSourcesBuildPhase;
			buildActionMask = 2147483647;
			files = (
				45BDDF4C249951E900925FF6 /* HeaderComponent.swift in Sources */,
				45BDDF252499439900925FF6 /* GuideView.swift in Sources */,
				45BDDF232499438200925FF6 /* InfoView.swift in Sources */,
				45BDDF1824993BF000925FF6 /* HoneymoonModel.swift in Sources */,
				45BDDF02249926A800925FF6 /* AppDelegate.swift in Sources */,
				45BDDF04249926A800925FF6 /* SceneDelegate.swift in Sources */,
				45BDDF4E2499521500925FF6 /* GuideComponent.swift in Sources */,
				45BDDF51249956F800925FF6 /* TitleModifier.swift in Sources */,
				45BDDF27249943D300925FF6 /* PlaySound.swift in Sources */,
				45BDDF532499571C00925FF6 /* ButtonModifier.swift in Sources */,
				45BDDF4924994B0C00925FF6 /* FooterView.swift in Sources */,
				45BDDF1B24993C7300925FF6 /* HoneymoonData.swift in Sources */,
				45BDDF1F24993D1E00925FF6 /* CardView.swift in Sources */,
				45BDDF06249926A800925FF6 /* ContentView.swift in Sources */,
				45BDDF212499432C00925FF6 /* HeaderView.swift in Sources */,
			);
			runOnlyForDeploymentPostprocessing = 0;
		};
/* End PBXSourcesBuildPhase section */

/* Begin PBXVariantGroup section */
		45BDDF0C249926AA00925FF6 /* LaunchScreen.storyboard */ = {
			isa = PBXVariantGroup;
			children = (
				45BDDF0D249926AA00925FF6 /* Base */,
			);
			name = LaunchScreen.storyboard;
			sourceTree = "<group>";
		};
/* End PBXVariantGroup section */

/* Begin XCBuildConfiguration section */
		45BDDF10249926AA00925FF6 /* Debug */ = {
			isa = XCBuildConfiguration;
			buildSettings = {
				ALWAYS_SEARCH_USER_PATHS = NO;
				CLANG_ANALYZER_NONNULL = YES;
				CLANG_ANALYZER_NUMBER_OBJECT_CONVERSION = YES_AGGRESSIVE;
				CLANG_CXX_LANGUAGE_STANDARD = "gnu++14";
				CLANG_CXX_LIBRARY = "libc++";
				CLANG_ENABLE_MODULES = YES;
				CLANG_ENABLE_OBJC_ARC = YES;
				CLANG_ENABLE_OBJC_WEAK = YES;
				CLANG_WARN_BLOCK_CAPTURE_AUTORELEASING = YES;
				CLANG_WARN_BOOL_CONVERSION = YES;
				CLANG_WARN_COMMA = YES;
				CLANG_WARN_CONSTANT_CONVERSION = YES;
				CLANG_WARN_DEPRECATED_OBJC_IMPLEMENTATIONS = YES;
				CLANG_WARN_DIRECT_OBJC_ISA_USAGE = YES_ERROR;
				CLANG_WARN_DOCUMENTATION_COMMENTS = YES;
				CLANG_WARN_EMPTY_BODY = YES;
				CLANG_WARN_ENUM_CONVERSION = YES;
				CLANG_WARN_INFINITE_RECURSION = YES;
				CLANG_WARN_INT_CONVERSION = YES;
				CLANG_WARN_NON_LITERAL_NULL_CONVERSION = YES;
				CLANG_WARN_OBJC_IMPLICIT_RETAIN_SELF = YES;
				CLANG_WARN_OBJC_LITERAL_CONVERSION = YES;
				CLANG_WARN_OBJC_ROOT_CLASS = YES_ERROR;
				CLANG_WARN_RANGE_LOOP_ANALYSIS = YES;
				CLANG_WARN_STRICT_PROTOTYPES = YES;
				CLANG_WARN_SUSPICIOUS_MOVE = YES;
				CLANG_WARN_UNGUARDED_AVAILABILITY = YES_AGGRESSIVE;
				CLANG_WARN_UNREACHABLE_CODE = YES;
				CLANG_WARN__DUPLICATE_METHOD_MATCH = YES;
				COPY_PHASE_STRIP = NO;
				DEBUG_INFORMATION_FORMAT = dwarf;
				ENABLE_STRICT_OBJC_MSGSEND = YES;
				ENABLE_TESTABILITY = YES;
				GCC_C_LANGUAGE_STANDARD = gnu11;
				GCC_DYNAMIC_NO_PIC = NO;
				GCC_NO_COMMON_BLOCKS = YES;
				GCC_OPTIMIZATION_LEVEL = 0;
				GCC_PREPROCESSOR_DEFINITIONS = (
					"DEBUG=1",
					"$(inherited)",
				);
				GCC_WARN_64_TO_32_BIT_CONVERSION = YES;
				GCC_WARN_ABOUT_RETURN_TYPE = YES_ERROR;
				GCC_WARN_UNDECLARED_SELECTOR = YES;
				GCC_WARN_UNINITIALIZED_AUTOS = YES_AGGRESSIVE;
				GCC_WARN_UNUSED_FUNCTION = YES;
				GCC_WARN_UNUSED_VARIABLE = YES;
				IPHONEOS_DEPLOYMENT_TARGET = 13.5;
				MTL_ENABLE_DEBUG_INFO = INCLUDE_SOURCE;
				MTL_FAST_MATH = YES;
				ONLY_ACTIVE_ARCH = YES;
				SDKROOT = iphoneos;
				SWIFT_ACTIVE_COMPILATION_CONDITIONS = DEBUG;
				SWIFT_OPTIMIZATION_LEVEL = "-Onone";
			};
			name = Debug;
		};
		45BDDF11249926AA00925FF6 /* Release */ = {
			isa = XCBuildConfiguration;
			buildSettings = {
				ALWAYS_SEARCH_USER_PATHS = NO;
				CLANG_ANALYZER_NONNULL = YES;
				CLANG_ANALYZER_NUMBER_OBJECT_CONVERSION = YES_AGGRESSIVE;
				CLANG_CXX_LANGUAGE_STANDARD = "gnu++14";
				CLANG_CXX_LIBRARY = "libc++";
				CLANG_ENABLE_MODULES = YES;
				CLANG_ENABLE_OBJC_ARC = YES;
				CLANG_ENABLE_OBJC_WEAK = YES;
				CLANG_WARN_BLOCK_CAPTURE_AUTORELEASING = YES;
				CLANG_WARN_BOOL_CONVERSION = YES;
				CLANG_WARN_COMMA = YES;
				CLANG_WARN_CONSTANT_CONVERSION = YES;
				CLANG_WARN_DEPRECATED_OBJC_IMPLEMENTATIONS = YES;
				CLANG_WARN_DIRECT_OBJC_ISA_USAGE = YES_ERROR;
				CLANG_WARN_DOCUMENTATION_COMMENTS = YES;
				CLANG_WARN_EMPTY_BODY = YES;
				CLANG_WARN_ENUM_CONVERSION = YES;
				CLANG_WARN_INFINITE_RECURSION = YES;
				CLANG_WARN_INT_CONVERSION = YES;
				CLANG_WARN_NON_LITERAL_NULL_CONVERSION = YES;
				CLANG_WARN_OBJC_IMPLICIT_RETAIN_SELF = YES;
				CLANG_WARN_OBJC_LITERAL_CONVERSION = YES;
				CLANG_WARN_OBJC_ROOT_CLASS = YES_ERROR;
				CLANG_WARN_RANGE_LOOP_ANALYSIS = YES;
				CLANG_WARN_STRICT_PROTOTYPES = YES;
				CLANG_WARN_SUSPICIOUS_MOVE = YES;
				CLANG_WARN_UNGUARDED_AVAILABILITY = YES_AGGRESSIVE;
				CLANG_WARN_UNREACHABLE_CODE = YES;
				CLANG_WARN__DUPLICATE_METHOD_MATCH = YES;
				COPY_PHASE_STRIP = NO;
				DEBUG_INFORMATION_FORMAT = "dwarf-with-dsym";
				ENABLE_NS_ASSERTIONS = NO;
				ENABLE_STRICT_OBJC_MSGSEND = YES;
				GCC_C_LANGUAGE_STANDARD = gnu11;
				GCC_NO_COMMON_BLOCKS = YES;
				GCC_WARN_64_TO_32_BIT_CONVERSION = YES;
				GCC_WARN_ABOUT_RETURN_TYPE = YES_ERROR;
				GCC_WARN_UNDECLARED_SELECTOR = YES;
				GCC_WARN_UNINITIALIZED_AUTOS = YES_AGGRESSIVE;
				GCC_WARN_UNUSED_FUNCTION = YES;
				GCC_WARN_UNUSED_VARIABLE = YES;
				IPHONEOS_DEPLOYMENT_TARGET = 13.5;
				MTL_ENABLE_DEBUG_INFO = NO;
				MTL_FAST_MATH = YES;
				SDKROOT = iphoneos;
				SWIFT_COMPILATION_MODE = wholemodule;
				SWIFT_OPTIMIZATION_LEVEL = "-O";
				VALIDATE_PRODUCT = YES;
			};
			name = Release;
		};
		45BDDF13249926AA00925FF6 /* Debug */ = {
			isa = XCBuildConfiguration;
			buildSettings = {
				ASSETCATALOG_COMPILER_APPICON_NAME = AppIcon;
				CODE_SIGN_STYLE = Automatic;
				DEVELOPMENT_ASSET_PATHS = "\"HoneyMoon UI/Preview Content\"";
				DEVELOPMENT_TEAM = TNSM43P2F3;
				ENABLE_PREVIEWS = YES;
				INFOPLIST_FILE = "HoneyMoon UI/Info.plist";
				LD_RUNPATH_SEARCH_PATHS = (
					"$(inherited)",
					"@executable_path/Frameworks",
				);
				PRODUCT_BUNDLE_IDENTIFIER = "com.javiercueto.HoneyMoon-UI";
				PRODUCT_NAME = "$(TARGET_NAME)";
				SWIFT_VERSION = 5.0;
				TARGETED_DEVICE_FAMILY = "1,2";
			};
			name = Debug;
		};
		45BDDF14249926AA00925FF6 /* Release */ = {
			isa = XCBuildConfiguration;
			buildSettings = {
				ASSETCATALOG_COMPILER_APPICON_NAME = AppIcon;
				CODE_SIGN_STYLE = Automatic;
				DEVELOPMENT_ASSET_PATHS = "\"HoneyMoon UI/Preview Content\"";
				DEVELOPMENT_TEAM = TNSM43P2F3;
				ENABLE_PREVIEWS = YES;
				INFOPLIST_FILE = "HoneyMoon UI/Info.plist";
				LD_RUNPATH_SEARCH_PATHS = (
					"$(inherited)",
					"@executable_path/Frameworks",
				);
				PRODUCT_BUNDLE_IDENTIFIER = "com.javiercueto.HoneyMoon-UI";
				PRODUCT_NAME = "$(TARGET_NAME)";
				SWIFT_VERSION = 5.0;
				TARGETED_DEVICE_FAMILY = "1,2";
			};
			name = Release;
		};
/* End XCBuildConfiguration section */

/* Begin XCConfigurationList section */
		45BDDEF9249926A800925FF6 /* Build configuration list for PBXProject "HoneyMoon UI" */ = {
			isa = XCConfigurationList;
			buildConfigurations = (
				45BDDF10249926AA00925FF6 /* Debug */,
				45BDDF11249926AA00925FF6 /* Release */,
			);
			defaultConfigurationIsVisible = 0;
			defaultConfigurationName = Release;
		};
		45BDDF12249926AA00925FF6 /* Build configuration list for PBXNativeTarget "HoneyMoon UI" */ = {
			isa = XCConfigurationList;
			buildConfigurations = (
				45BDDF13249926AA00925FF6 /* Debug */,
				45BDDF14249926AA00925FF6 /* Release */,
			);
			defaultConfigurationIsVisible = 0;
			defaultConfigurationName = Release;
		};
/* End XCConfigurationList section */
	};
	rootObject = 45BDDEF6249926A800925FF6 /* Project object */;
}
